
Microsoft Visual Studio Solution File, Format Version 10.00
# Visual Studio 2008
Project("{2150E333-8FDC-42A3-9474-1A3956D46DE8}") = "Solution Items", "Solution Items", "{3BE867C2-98F8-4B83-85DA-42749E5F7163}"
	ProjectSection(SolutionItems) = preProject
		localtestrun.testrunconfig = localtestrun.testrunconfig
		PowerShellLanguage.vsmdi = PowerShellLanguage.vsmdi
	EndProjectSection
	ProjectSection(FolderStartupServices) = postProject
		{B4F97281-0DBD-4835-9ED8-7DFB966E87FF} = {B4F97281-0DBD-4835-9ED8-7DFB966E87FF}
	EndProjectSection
EndProject
Project("{FAE04EC0-301F-11D3-BF4B-00C04F79EFBC}") = "PowerShellLanguage", "PowerShellLanguage.csproj", "{9434508C-A3F1-4F44-83BE-77C21A1D8FC3}"
EndProject
Project("{FAE04EC0-301F-11D3-BF4B-00C04F79EFBC}") = "PowerShellLanguageTests", "..\..\Test\PowerShellLanguage\PowerShellLanguageTests.csproj", "{28A389B9-561F-43D3-918C-DE708A20677B}"
EndProject
Global
	GlobalSection(TeamFoundationVersionControl) = preSolution
		SccNumberOfProjects = 3
		SccEnterpriseProvider = {4CA58AB2-18FA-4F8D-95D4-32DDF27D184C}
		SccTeamFoundationServer = https://tfs02.codeplex.com/
		SccLocalPath0 = .
		SccProjectUniqueName1 = PowerShellLanguage.csproj
		SccLocalPath1 = .
		SccProjectUniqueName2 = ..\\..\\Test\\PowerShellLanguage\\PowerShellLanguageTests.VSTS.csproj
		SccProjectName2 = ../../Test/PowerShellLanguage
		SccLocalPath2 = ..\\..\\Test\\PowerShellLanguage
	EndGlobalSection
	GlobalSection(TestCaseManagementSettings) = postSolution
		CategoryFile = PowerShellLanguage.vsmdi
	EndGlobalSection
	GlobalSection(SolutionConfigurationPlatforms) = preSolution
		Debug|.NET 1.0 = Debug|.NET 1.0
		Debug|.NET 1.1 = Debug|.NET 1.1
		Debug|Any CPU = Debug|Any CPU
		Release|.NET 1.0 = Release|.NET 1.0
		Release|.NET 1.1 = Release|.NET 1.1
		Release|Any CPU = Release|Any CPU
	EndGlobalSection
	GlobalSection(ProjectConfigurationPlatforms) = postSolution
		{9434508C-A3F1-4F44-83BE-77C21A1D8FC3}.Debug|.NET 1.0.ActiveCfg = Debug|.NET 1.0
		{9434508C-A3F1-4F44-83BE-77C21A1D8FC3}.Debug|.NET 1.0.Build.0 = Debug|.NET 1.0
		{9434508C-A3F1-4F44-83BE-77C21A1D8FC3}.Debug|.NET 1.1.ActiveCfg = Debug|.NET 1.1
		{9434508C-A3F1-4F44-83BE-77C21A1D8FC3}.Debug|.NET 1.1.Build.0 = Debug|.NET 1.1
		{9434508C-A3F1-4F44-83BE-77C21A1D8FC3}.Debug|Any CPU.ActiveCfg = Debug|Any CPU
		{9434508C-A3F1-4F44-83BE-77C21A1D8FC3}.Debug|Any CPU.Build.0 = Debug|Any CPU
		{9434508C-A3F1-4F44-83BE-77C21A1D8FC3}.Release|.NET 1.0.ActiveCfg = Release|.NET 1.0
		{9434508C-A3F1-4F44-83BE-77C21A1D8FC3}.Release|.NET 1.0.Build.0 = Release|.NET 1.0
		{9434508C-A3F1-4F44-83BE-77C21A1D8FC3}.Release|.NET 1.1.ActiveCfg = Release|.NET 1.1
		{9434508C-A3F1-4F44-83BE-77C21A1D8FC3}.Release|.NET 1.1.Build.0 = Release|.NET 1.1
		{9434508C-A3F1-4F44-83BE-77C21A1D8FC3}.Release|Any CPU.ActiveCfg = Release|Any CPU
		{9434508C-A3F1-4F44-83BE-77C21A1D8FC3}.Release|Any CPU.Build.0 = Release|Any CPU
		{28A389B9-561F-43D3-918C-DE708A20677B}.Debug|.NET 1.0.ActiveCfg = Debug|Any CPU
		{28A389B9-561F-43D3-918C-DE708A20677B}.Debug|.NET 1.1.ActiveCfg = Debug|Any CPU
		{28A389B9-561F-43D3-918C-DE708A20677B}.Debug|Any CPU.ActiveCfg = Debug|Any CPU
		{28A389B9-561F-43D3-918C-DE708A20677B}.Debug|Any CPU.Build.0 = Debug|Any CPU
		{28A389B9-561F-43D3-918C-DE708A20677B}.Release|.NET 1.0.ActiveCfg = Release|Any CPU
		{28A389B9-561F-43D3-918C-DE708A20677B}.Release|.NET 1.1.ActiveCfg = Release|Any CPU
		{28A389B9-561F-43D3-918C-DE708A20677B}.Release|Any CPU.ActiveCfg = Release|Any CPU
		{28A389B9-561F-43D3-918C-DE708A20677B}.Release|Any CPU.Build.0 = Release|Any CPU
	EndGlobalSection
	GlobalSection(SolutionProperties) = preSolution
		HideSolutionNode = FALSE
	EndGlobalSection
	GlobalSection(TextTemplating) = postSolution
		TextTemplating = 1
	EndGlobalSection
EndGlobal
